
Microsoft Visual Studio Solution File, Format Version 12.00
# Visual Studio Version 17
VisualStudioVersion = 17.7.34202.233
MinimumVisualStudioVersion = 10.0.40219.1
Project("{FAE04EC0-301F-11D3-BF4B-00C04F79EFBC}") = "xUnitPractice", "xUnitPractice\xUnitPractice.csproj", "{19763C4B-B769-41CB-B24A-B6ED5D0F7163}"
EndProject
Project("{FAE04EC0-301F-11D3-BF4B-00C04F79EFBC}") = "xUnitPractice.Tests", "xUnitPractice.Test\xUnitPractice.Tests.csproj", "{589C16F1-EBF4-4807-8356-18ABA4EC501A}"
EndProject
Global
	GlobalSection(SolutionConfigurationPlatforms) = preSolution
		Debug|Any CPU = Debug|Any CPU
		Release|Any CPU = Release|Any CPU
	EndGlobalSection
	GlobalSection(ProjectConfigurationPlatforms) = postSolution
		{19763C4B-B769-41CB-B24A-B6ED5D0F7163}.Debug|Any CPU.ActiveCfg = Debug|Any CPU
		{19763C4B-B769-41CB-B24A-B6ED5D0F7163}.Debug|Any CPU.Build.0 = Debug|Any CPU
		{19763C4B-B769-41CB-B24A-B6ED5D0F7163}.Release|Any CPU.ActiveCfg = Release|Any CPU
		{19763C4B-B769-41CB-B24A-B6ED5D0F7163}.Release|Any CPU.Build.0 = Release|Any CPU
		{589C16F1-EBF4-4807-8356-18ABA4EC501A}.Debug|Any CPU.ActiveCfg = Debug|Any CPU
		{589C16F1-EBF4-4807-8356-18ABA4EC501A}.Debug|Any CPU.Build.0 = Debug|Any CPU
		{589C16F1-EBF4-4807-8356-18ABA4EC501A}.Release|Any CPU.ActiveCfg = Release|Any CPU
		{589C16F1-EBF4-4807-8356-18ABA4EC501A}.Release|Any CPU.Build.0 = Release|Any CPU
	EndGlobalSection
	GlobalSection(SolutionProperties) = preSolution
		HideSolutionNode = FALSE
	EndGlobalSection
	GlobalSection(ExtensibilityGlobals) = postSolution
		SolutionGuid = {A7D95AAD-53D4-4EC1-8238-0D2653D24965}
	EndGlobalSection
EndGlobal
